<?xml version="1.0" encoding="UTF-8"?>
<Scheme
   LastUpgradeVersion = "1130"
   version = "1.3">
   <BuildAction
      parallelizeBuildables = "YES"
      buildImplicitDependencies = "YES">
      <BuildActionEntries>
         <BuildActionEntry
            buildForTesting = "YES"
            buildForRunning = "YES"
            buildForProfiling = "YES"
            buildForArchiving = "YES"
            buildForAnalyzing = "YES">
            <BuildableReference
               BuildableIdentifier = "primary"
               BlueprintIdentifier = "B9B44DBC1D8F65CD00782398"
               BuildableName = "llwxjson"
               BlueprintName = "llwxjson"
               ReferencedContainer = "container:llwxjson.xcodeproj">
            </BuildableReference>
         </BuildActionEntry>
      </BuildActionEntries>
   </BuildAction>
   <TestAction
      buildConfiguration = "Debug"
      selectedDebuggerIdentifier = "Xcode.DebuggerFoundation.Debugger.LLDB"
      selectedLauncherIdentifier = "Xcode.DebuggerFoundation.Launcher.LLDB"
      shouldUseLaunchSchemeArgsEnv = "YES">
      <Testables>
      </Testables>
   </TestAction>
   <LaunchAction
      buildConfiguration = "Debug"
      selectedDebuggerIdentifier = "Xcode.DebuggerFoundation.Debugger.LLDB"
      selectedLauncherIdentifier = "Xcode.DebuggerFoundation.Launcher.LLDB"
      launchStyle = "0"
      useCustomWorkingDirectory = "YES"
      customWorkingDirectory = "/Users/dennislang/opt/projects/projects-c++/_ll/llwxjson"
      ignoresPersistentStateOnLaunch = "NO"
      debugDocumentVersioning = "YES"
      debugServiceExtension = "internal"
      allowLocationSimulation = "YES">
      <BuildableProductRunnable
         runnableDebuggingMode = "0">
         <BuildableReference
            BuildableIdentifier = "primary"
            BlueprintIdentifier = "B9B44DBC1D8F65CD00782398"
            BuildableName = "llwxjson"
            BlueprintName = "llwxjson"
            ReferencedContainer = "container:llwxjson.xcodeproj">
         </BuildableReference>
      </BuildableProductRunnable>
      <CommandLineArguments>
         <CommandLineArgument
            argument = "-verbose"
            isEnabled = "YES">
         </CommandLineArgument>
         <CommandLineArgument
            argument = "-test"
            isEnabled = "NO">
         </CommandLineArgument>
         <CommandLineArgument
            argument = "-dump"
            isEnabled = "NO">
         </CommandLineArgument>
         <CommandLineArgument
            argument = "-noHttpPrefix"
            isEnabled = "NO">
         </CommandLineArgument>
         <CommandLineArgument
            argument = "test1/empty.json"
            isEnabled = "NO">
         </CommandLineArgument>
         <CommandLineArgument
            argument = "test1/bostonMA-day-v3-en-US-e.json"
            isEnabled = "NO">
         </CommandLineArgument>
         <CommandLineArgument
            argument = "test1/data1.json"
            isEnabled = "NO">
         </CommandLineArgument>
         <CommandLineArgument
            argument = "test1/bostonMA-obs-v3-en-US-e.json"
            isEnabled = "NO">
         </CommandLineArgument>
         <CommandLineArgument
            argument = "test1/tornado_w.json"
            isEnabled = "NO">
         </CommandLineArgument>
         <CommandLineArgument
            argument = "test1/TOwTOaSVwSVaFLw.json"
            isEnabled = "NO">
         </CommandLineArgument>
         <CommandLineArgument
            argument = "test1/bostonMA-wwir.json"
            isEnabled = "YES">
         </CommandLineArgument>
      </CommandLineArguments>
   </LaunchAction>
   <ProfileAction
      buildConfiguration = "Release"
      shouldUseLaunchSchemeArgsEnv = "YES"
      savedToolIdentifier = ""
      useCustomWorkingDirectory = "NO"
      debugDocumentVersioning = "YES">
      <BuildableProductRunnable
         runnableDebuggingMode = "0">
         <BuildableReference
            BuildableIdentifier = "primary"
            BlueprintIdentifier = "B9B44DBC1D8F65CD00782398"
            BuildableName = "llwxjson"
            BlueprintName = "llwxjson"
            ReferencedContainer = "container:llwxjson.xcodeproj">
         </BuildableReference>
      </BuildableProductRunnable>
   </ProfileAction>
   <AnalyzeAction
      buildConfiguration = "Debug">
   </AnalyzeAction>
   <ArchiveAction
      buildConfiguration = "Release"
      revealArchiveInOrganizer = "YES">
   </ArchiveAction>
</Scheme>
